PODS:
  - AMapFoundation (1.4.3)
  - AMapLocation (2.6.0):
    - AMapFoundation (~> 1.4)
  - boost-for-react-native (1.63.0)
  - BVLinearGradient (2.4.2):
    - React
  - DoubleConversion (1.1.5)
  - FLAnimatedImage (1.0.12)
  - Folly (2016.09.26.00):
    - boost-for-react-native
    - DoubleConversion
    - glog
  - glog (0.3.4)
  - React (0.55.4):
    - React/Core (= 0.55.4)
  - react-native-amap-geolocation (0.3.1):
    - AMapLocation (~> 2.6.0)
    - React
  - react-native-fast-image (4.0.14):
    - FLAnimatedImage
    - React
    - SDWebImage/Core
    - SDWebImage/GIF
  - react-native-splash-screen (3.1.1):
    - React
  - react-native-video (3.2.1):
    - React
  - React/Core (0.55.4):
    - yoga (= 0.55.4.React)
  - React/CxxBridge (0.55.4):
    - Folly (= 2016.09.26.00)
    - React/Core
    - React/cxxreact
  - React/cxxreact (0.55.4):
    - boost-for-react-native (= 1.63.0)
    - Folly (= 2016.09.26.00)
    - React/jschelpers
    - React/jsinspector
  - React/DevSupport (0.55.4):
    - React/Core
    - React/RCTWebSocket
  - React/fishhook (0.55.4)
  - React/jschelpers (0.55.4):
    - Folly (= 2016.09.26.00)
    - React/PrivateDatabase
  - React/jsinspector (0.55.4)
  - React/PrivateDatabase (0.55.4)
  - React/RCTAnimation (0.55.4):
    - React/Core
  - React/RCTBlob (0.55.4):
    - React/Core
  - React/RCTImage (0.55.4):
    - React/Core
    - React/RCTNetwork
  - React/RCTNetwork (0.55.4):
    - React/Core
  - React/RCTText (0.55.4):
    - React/Core
  - React/RCTWebSocket (0.55.4):
    - React/Core
    - React/fishhook
    - React/RCTBlob
  - RNSVG (6.5.2):
    - React
  - SDWebImage/Core (4.3.3)
  - SDWebImage/GIF (4.3.3):
    - FLAnimatedImage (~> 1.0)
    - SDWebImage/Core
  - SensorsAnalyticsSDK (1.10.12):
    - SensorsAnalyticsSDK/core (= 1.10.12)
  - SensorsAnalyticsSDK/core (1.10.12)
  - yoga (0.55.4.React)

DEPENDENCIES:
  - BVLinearGradient (from `../node_modules/react-native-linear-gradient`)
  - DoubleConversion (from `../node_modules/react-native/third-party-podspecs/DoubleConversion.podspec`)
  - Folly (from `../node_modules/react-native/third-party-podspecs/Folly.podspec`)
  - glog (from `../node_modules/react-native/third-party-podspecs/glog.podspec`)
  - react-native-amap-geolocation (from `../node_modules/react-native-amap-geolocation/lib/ios`)
  - react-native-fast-image (from `../node_modules/react-native-fast-image`)
  - react-native-splash-screen (from `../node_modules/react-native-splash-screen`)
  - react-native-video (from `../node_modules/react-native-video`)
  - React/Core (from `../node_modules/react-native`)
  - React/CxxBridge (from `../node_modules/react-native`)
  - React/DevSupport (from `../node_modules/react-native`)
  - React/RCTAnimation (from `../node_modules/react-native`)
  - React/RCTImage (from `../node_modules/react-native`)
  - React/RCTNetwork (from `../node_modules/react-native`)
  - React/RCTText (from `../node_modules/react-native`)
  - React/RCTWebSocket (from `../node_modules/react-native`)
  - RNSVG (from `../node_modules/react-native-svg`)
  - SensorsAnalyticsSDK
  - yoga (from `../node_modules/react-native/ReactCommon/yoga`)

SPEC REPOS:
  https://github.com/cocoapods/specs.git:
    - AMapFoundation
    - AMapLocation
    - boost-for-react-native
    - FLAnimatedImage
    - SDWebImage
    - SensorsAnalyticsSDK

EXTERNAL SOURCES:
  BVLinearGradient:
    :path: "../node_modules/react-native-linear-gradient"
  DoubleConversion:
    :podspec: "../node_modules/react-native/third-party-podspecs/DoubleConversion.podspec"
  Folly:
    :podspec: "../node_modules/react-native/third-party-podspecs/Folly.podspec"
  glog:
    :podspec: "../node_modules/react-native/third-party-podspecs/glog.podspec"
  React:
    :path: "../node_modules/react-native"
  react-native-amap-geolocation:
    :path: "../node_modules/react-native-amap-geolocation/lib/ios"
  react-native-fast-image:
    :path: "../node_modules/react-native-fast-image"
  react-native-splash-screen:
    :path: "../node_modules/react-native-splash-screen"
  react-native-video:
    :path: "../node_modules/react-native-video"
  RNSVG:
    :path: "../node_modules/react-native-svg"
  yoga:
    :path: "../node_modules/react-native/ReactCommon/yoga"

SPEC CHECKSUMS:
  AMapFoundation: 973682cfe60b92efd73a8ef8f1144fa0fa8e1296
  AMapLocation: 55116a2c8956eab7550cbb56e989aa5cdcc424e3
  boost-for-react-native: 39c7adb57c4e60d6c5479dd8623128eb5b3f0f2c
  BVLinearGradient: 6d8909e3fc6b089defa4b89d967441fa6827a2ee
  DoubleConversion: e22e0762848812a87afd67ffda3998d9ef29170c
  FLAnimatedImage: 4a0b56255d9b05f18b6dd7ee06871be5d3b89e31
  Folly: 211775e49d8da0ca658aebc8eab89d642935755c
  glog: 1de0bb937dccdc981596d3b5825ebfb765017ded
  React: aa2040dbb6f317b95314968021bd2888816e03d5
  react-native-amap-geolocation: 86a40d13992b4c7e9bf9a9ed3b21ec5f2c151063
  react-native-fast-image: cba3d9bf9c2cf8ddb643d887a686c53a5dd90a2c
  react-native-splash-screen: 8e3f866dc79bfe533baeffd0a38c33f7a7eae7f8
  react-native-video: 6db316323366025251a815c49ca0e2edabe30a2a
  RNSVG: 6252323c0312735f0af5f58b5adf2965b6a9ffbf
  SDWebImage: de4d90b5bff3571eae7bd16202b1f43135409fa5
  SensorsAnalyticsSDK: 7a9355b03b2d23b699e6d2dbb7d05181d96132cf
  yoga: a23273df0088bf7f2bb7e5d7b00044ea57a2a54a

PODFILE CHECKSUM: ab3b5e063856fe7777dc05ed00345f37dfb55be0

COCOAPODS: 1.5.3
